
Microsoft Visual Studio Solution File, Format Version 12.00
# Visual Studio Version 18
VisualStudioVersion = 18.8.12021.73
MinimumVisualStudioVersion = 10.0.40219.1
Project("{FAE04EC0-301F-11D3-BF4B-00C04F79EFBC}") = "test_template", "test_template\test_template.csproj", "{8A8EEA52-A0FF-42F3-9C27-64386609A4E1}"
EndProject
Project("{930C7802-8A8C-48F9-8165-68863BCCD9DD}") = "InstallerWIX", "InstallerWIX\InstallerWIX.wixproj", "{EBD137A3-01FD-4F0B-9E20-0823450A8136}"
EndProject
Project("{930C7802-8A8C-48F9-8165-68863BCCD9DD}") = "InstallerWIXSeparate", "InstallerWIXSeparate\InstallerWIXSeparate.wixproj", "{FF97BA43-FCF7-432E-8BF6-AED2EA2521CE}"
EndProject
Project("{FAE04EC0-301F-11D3-BF4B-00C04F79EFBC}") = "RevitStartup", "RevitStartup\RevitStartup.csproj", "{193DF159-1DA1-487B-9BBB-3C0117F0AE41}"
EndProject
Project("{2150E333-8FDC-42A3-9474-1A3956D46DE8}") = "Элементы решения", "Элементы решения", "{29E911C4-D724-4A48-9109-39ABE6BCE6E2}"
	ProjectSection(SolutionItems) = preProject
		Directory.Build.props = Directory.Build.props
	EndProjectSection
EndProject
Project("{FAE04EC0-301F-11D3-BF4B-00C04F79EFBC}") = "Styles", "Styles\Styles.csproj", "{B885B394-D5A6-4FB5-80F3-E4C4030F8682}"
EndProject
Project("{FAE04EC0-301F-11D3-BF4B-00C04F79EFBC}") = "test_templateWPF", "test_templateWPF\test_templateWPF.csproj", "{AA5C9F80-EB07-771D-EC3A-B2C4D7748F35}"
EndProject
Global
	GlobalSection(SolutionConfigurationPlatforms) = preSolution
		BuildNET10|x64 = BuildNET10|x64
		BuildNET10|x86 = BuildNET10|x86
		BuildNET48|x64 = BuildNET48|x64
		BuildNET48|x86 = BuildNET48|x86
		BuildNET8|x64 = BuildNET8|x64
		BuildNET8|x86 = BuildNET8|x86
		Debug|x64 = Debug|x64
		Debug|x86 = Debug|x86
		R2019|x64 = R2019|x64
		R2019|x86 = R2019|x86
		R2020|x64 = R2020|x64
		R2020|x86 = R2020|x86
		R2021|x64 = R2021|x64
		R2021|x86 = R2021|x86
		R2022|x64 = R2022|x64
		R2022|x86 = R2022|x86
		R2023|x64 = R2023|x64
		R2023|x86 = R2023|x86
		R2024|x64 = R2024|x64
		R2024|x86 = R2024|x86
		R2025|x64 = R2025|x64
		R2025|x86 = R2025|x86
		R2026|x64 = R2026|x64
		R2026|x86 = R2026|x86
		R2027|x64 = R2027|x64
		R2027|x86 = R2027|x86
		Release|x64 = Release|x64
		Release|x86 = Release|x86
	EndGlobalSection
	GlobalSection(ProjectConfigurationPlatforms) = postSolution
		{8A8EEA52-A0FF-42F3-9C27-64386609A4E1}.BuildNET10|x64.ActiveCfg = BuildNET10|x64
		{8A8EEA52-A0FF-42F3-9C27-64386609A4E1}.BuildNET10|x64.Build.0 = BuildNET10|x64
		{8A8EEA52-A0FF-42F3-9C27-64386609A4E1}.BuildNET10|x86.ActiveCfg = BuildNET10|x64
		{8A8EEA52-A0FF-42F3-9C27-64386609A4E1}.BuildNET10|x86.Build.0 = BuildNET10|x64
		{8A8EEA52-A0FF-42F3-9C27-64386609A4E1}.BuildNET48|x64.ActiveCfg = BuildNET48|x64
		{8A8EEA52-A0FF-42F3-9C27-64386609A4E1}.BuildNET48|x64.Build.0 = BuildNET48|x64
		{8A8EEA52-A0FF-42F3-9C27-64386609A4E1}.BuildNET48|x86.ActiveCfg = BuildNET48|x64
		{8A8EEA52-A0FF-42F3-9C27-64386609A4E1}.BuildNET48|x86.Build.0 = BuildNET48|x64
		{8A8EEA52-A0FF-42F3-9C27-64386609A4E1}.BuildNET8|x64.ActiveCfg = BuildNET8|x64
		{8A8EEA52-A0FF-42F3-9C27-64386609A4E1}.BuildNET8|x64.Build.0 = BuildNET8|x64
		{8A8EEA52-A0FF-42F3-9C27-64386609A4E1}.BuildNET8|x86.ActiveCfg = BuildNET8|x64
		{8A8EEA52-A0FF-42F3-9C27-64386609A4E1}.BuildNET8|x86.Build.0 = BuildNET8|x64
		{8A8EEA52-A0FF-42F3-9C27-64386609A4E1}.Debug|x64.ActiveCfg = Debug|x64
		{8A8EEA52-A0FF-42F3-9C27-64386609A4E1}.Debug|x64.Build.0 = Debug|x64
		{8A8EEA52-A0FF-42F3-9C27-64386609A4E1}.Debug|x86.ActiveCfg = Debug|x64
		{8A8EEA52-A0FF-42F3-9C27-64386609A4E1}.Debug|x86.Build.0 = Debug|x64
		{8A8EEA52-A0FF-42F3-9C27-64386609A4E1}.R2019|x64.ActiveCfg = R2019|x64
		{8A8EEA52-A0FF-42F3-9C27-64386609A4E1}.R2019|x64.Build.0 = R2019|x64
		{8A8EEA52-A0FF-42F3-9C27-64386609A4E1}.R2019|x86.ActiveCfg = R2019|x64
		{8A8EEA52-A0FF-42F3-9C27-64386609A4E1}.R2019|x86.Build.0 = R2019|x64
		{8A8EEA52-A0FF-42F3-9C27-64386609A4E1}.R2020|x64.ActiveCfg = R2020|x64
		{8A8EEA52-A0FF-42F3-9C27-64386609A4E1}.R2020|x64.Build.0 = R2020|x64
		{8A8EEA52-A0FF-42F3-9C27-64386609A4E1}.R2020|x86.ActiveCfg = R2020|x64
		{8A8EEA52-A0FF-42F3-9C27-64386609A4E1}.R2020|x86.Build.0 = R2020|x64
		{8A8EEA52-A0FF-42F3-9C27-64386609A4E1}.R2021|x64.ActiveCfg = R2021|x64
		{8A8EEA52-A0FF-42F3-9C27-64386609A4E1}.R2021|x64.Build.0 = R2021|x64
		{8A8EEA52-A0FF-42F3-9C27-64386609A4E1}.R2021|x86.ActiveCfg = R2021|x64
		{8A8EEA52-A0FF-42F3-9C27-64386609A4E1}.R2021|x86.Build.0 = R2021|x64
		{8A8EEA52-A0FF-42F3-9C27-64386609A4E1}.R2022|x64.ActiveCfg = R2022|x64
		{8A8EEA52-A0FF-42F3-9C27-64386609A4E1}.R2022|x64.Build.0 = R2022|x64
		{8A8EEA52-A0FF-42F3-9C27-64386609A4E1}.R2022|x86.ActiveCfg = R2022|x64
		{8A8EEA52-A0FF-42F3-9C27-64386609A4E1}.R2022|x86.Build.0 = R2022|x64
		{8A8EEA52-A0FF-42F3-9C27-64386609A4E1}.R2023|x64.ActiveCfg = R2023|x64
		{8A8EEA52-A0FF-42F3-9C27-64386609A4E1}.R2023|x64.Build.0 = R2023|x64
		{8A8EEA52-A0FF-42F3-9C27-64386609A4E1}.R2023|x86.ActiveCfg = R2023|x64
		{8A8EEA52-A0FF-42F3-9C27-64386609A4E1}.R2023|x86.Build.0 = R2023|x64
		{8A8EEA52-A0FF-42F3-9C27-64386609A4E1}.R2024|x64.ActiveCfg = R2024|x64
		{8A8EEA52-A0FF-42F3-9C27-64386609A4E1}.R2024|x64.Build.0 = R2024|x64
		{8A8EEA52-A0FF-42F3-9C27-64386609A4E1}.R2024|x86.ActiveCfg = R2024|x64
		{8A8EEA52-A0FF-42F3-9C27-64386609A4E1}.R2024|x86.Build.0 = R2024|x64
		{8A8EEA52-A0FF-42F3-9C27-64386609A4E1}.R2025|x64.ActiveCfg = R2025|x64
		{8A8EEA52-A0FF-42F3-9C27-64386609A4E1}.R2025|x64.Build.0 = R2025|x64
		{8A8EEA52-A0FF-42F3-9C27-64386609A4E1}.R2025|x86.ActiveCfg = R2025|x64
		{8A8EEA52-A0FF-42F3-9C27-64386609A4E1}.R2025|x86.Build.0 = R2025|x64
		{8A8EEA52-A0FF-42F3-9C27-64386609A4E1}.R2026|x64.ActiveCfg = R2026|x64
		{8A8EEA52-A0FF-42F3-9C27-64386609A4E1}.R2026|x64.Build.0 = R2026|x64
		{8A8EEA52-A0FF-42F3-9C27-64386609A4E1}.R2026|x86.ActiveCfg = R2026|x64
		{8A8EEA52-A0FF-42F3-9C27-64386609A4E1}.R2026|x86.Build.0 = R2026|x64
		{8A8EEA52-A0FF-42F3-9C27-64386609A4E1}.R2027|x64.ActiveCfg = R2027|x64
		{8A8EEA52-A0FF-42F3-9C27-64386609A4E1}.R2027|x64.Build.0 = R2027|x64
		{8A8EEA52-A0FF-42F3-9C27-64386609A4E1}.R2027|x86.ActiveCfg = R2027|x64
		{8A8EEA52-A0FF-42F3-9C27-64386609A4E1}.R2027|x86.Build.0 = R2027|x64
		{8A8EEA52-A0FF-42F3-9C27-64386609A4E1}.Release|x64.ActiveCfg = BuildNET48|x64
		{8A8EEA52-A0FF-42F3-9C27-64386609A4E1}.Release|x64.Build.0 = BuildNET48|x64
		{8A8EEA52-A0FF-42F3-9C27-64386609A4E1}.Release|x86.ActiveCfg = BuildNET48|x64
		{8A8EEA52-A0FF-42F3-9C27-64386609A4E1}.Release|x86.Build.0 = BuildNET48|x64
		{EBD137A3-01FD-4F0B-9E20-0823450A8136}.BuildNET10|x64.ActiveCfg = Release|x86
		{EBD137A3-01FD-4F0B-9E20-0823450A8136}.BuildNET10|x86.ActiveCfg = Release|x86
		{EBD137A3-01FD-4F0B-9E20-0823450A8136}.BuildNET48|x64.ActiveCfg = Release|x86
		{EBD137A3-01FD-4F0B-9E20-0823450A8136}.BuildNET48|x86.ActiveCfg = Release|x86
		{EBD137A3-01FD-4F0B-9E20-0823450A8136}.BuildNET48|x86.Build.0 = Release|x86
		{EBD137A3-01FD-4F0B-9E20-0823450A8136}.BuildNET8|x64.ActiveCfg = Release|x86
		{EBD137A3-01FD-4F0B-9E20-0823450A8136}.BuildNET8|x86.ActiveCfg = Release|x86
		{EBD137A3-01FD-4F0B-9E20-0823450A8136}.BuildNET8|x86.Build.0 = Release|x86
		{EBD137A3-01FD-4F0B-9E20-0823450A8136}.Debug|x64.ActiveCfg = Debug|x86
		{EBD137A3-01FD-4F0B-9E20-0823450A8136}.Debug|x64.Build.0 = Debug|x86
		{EBD137A3-01FD-4F0B-9E20-0823450A8136}.Debug|x86.ActiveCfg = Debug|x86
		{EBD137A3-01FD-4F0B-9E20-0823450A8136}.Debug|x86.Build.0 = Debug|x86
		{EBD137A3-01FD-4F0B-9E20-0823450A8136}.R2019|x64.ActiveCfg = Debug|x86
		{EBD137A3-01FD-4F0B-9E20-0823450A8136}.R2019|x64.Build.0 = Debug|x86
		{EBD137A3-01FD-4F0B-9E20-0823450A8136}.R2019|x86.ActiveCfg = Debug|x86
		{EBD137A3-01FD-4F0B-9E20-0823450A8136}.R2019|x86.Build.0 = Debug|x86
		{EBD137A3-01FD-4F0B-9E20-0823450A8136}.R2020|x64.ActiveCfg = Debug|x86
		{EBD137A3-01FD-4F0B-9E20-0823450A8136}.R2020|x64.Build.0 = Debug|x86
		{EBD137A3-01FD-4F0B-9E20-0823450A8136}.R2020|x86.ActiveCfg = Debug|x86
		{EBD137A3-01FD-4F0B-9E20-0823450A8136}.R2020|x86.Build.0 = Debug|x86
		{EBD137A3-01FD-4F0B-9E20-0823450A8136}.R2021|x64.ActiveCfg = Debug|x86
		{EBD137A3-01FD-4F0B-9E20-0823450A8136}.R2021|x64.Build.0 = Debug|x86
		{EBD137A3-01FD-4F0B-9E20-0823450A8136}.R2021|x86.ActiveCfg = Debug|x86
		{EBD137A3-01FD-4F0B-9E20-0823450A8136}.R2021|x86.Build.0 = Debug|x86
		{EBD137A3-01FD-4F0B-9E20-0823450A8136}.R2022|x64.ActiveCfg = Debug|x86
		{EBD137A3-01FD-4F0B-9E20-0823450A8136}.R2022|x64.Build.0 = Debug|x86
		{EBD137A3-01FD-4F0B-9E20-0823450A8136}.R2022|x86.ActiveCfg = Debug|x86
		{EBD137A3-01FD-4F0B-9E20-0823450A8136}.R2022|x86.Build.0 = Debug|x86
		{EBD137A3-01FD-4F0B-9E20-0823450A8136}.R2023|x64.ActiveCfg = Debug|x86
		{EBD137A3-01FD-4F0B-9E20-0823450A8136}.R2023|x64.Build.0 = Debug|x86
		{EBD137A3-01FD-4F0B-9E20-0823450A8136}.R2023|x86.ActiveCfg = Debug|x86
		{EBD137A3-01FD-4F0B-9E20-0823450A8136}.R2023|x86.Build.0 = Debug|x86
		{EBD137A3-01FD-4F0B-9E20-0823450A8136}.R2024|x64.ActiveCfg = Debug|x86
		{EBD137A3-01FD-4F0B-9E20-0823450A8136}.R2024|x64.Build.0 = Debug|x86
		{EBD137A3-01FD-4F0B-9E20-0823450A8136}.R2024|x86.ActiveCfg = Debug|x86
		{EBD137A3-01FD-4F0B-9E20-0823450A8136}.R2024|x86.Build.0 = Debug|x86
		{EBD137A3-01FD-4F0B-9E20-0823450A8136}.R2025|x64.ActiveCfg = Debug|x86
		{EBD137A3-01FD-4F0B-9E20-0823450A8136}.R2025|x64.Build.0 = Debug|x86
		{EBD137A3-01FD-4F0B-9E20-0823450A8136}.R2025|x86.ActiveCfg = Debug|x86
		{EBD137A3-01FD-4F0B-9E20-0823450A8136}.R2025|x86.Build.0 = Debug|x86
		{EBD137A3-01FD-4F0B-9E20-0823450A8136}.R2026|x64.ActiveCfg = Debug|x86
		{EBD137A3-01FD-4F0B-9E20-0823450A8136}.R2026|x64.Build.0 = Debug|x86
		{EBD137A3-01FD-4F0B-9E20-0823450A8136}.R2026|x86.ActiveCfg = Debug|x86
		{EBD137A3-01FD-4F0B-9E20-0823450A8136}.R2026|x86.Build.0 = Debug|x86
		{EBD137A3-01FD-4F0B-9E20-0823450A8136}.R2027|x64.ActiveCfg = Debug|x86
		{EBD137A3-01FD-4F0B-9E20-0823450A8136}.R2027|x64.Build.0 = Debug|x86
		{EBD137A3-01FD-4F0B-9E20-0823450A8136}.R2027|x86.ActiveCfg = Debug|x86
		{EBD137A3-01FD-4F0B-9E20-0823450A8136}.R2027|x86.Build.0 = Debug|x86
		{EBD137A3-01FD-4F0B-9E20-0823450A8136}.Release|x64.ActiveCfg = Release|x86
		{EBD137A3-01FD-4F0B-9E20-0823450A8136}.Release|x64.Build.0 = Release|x86
		{EBD137A3-01FD-4F0B-9E20-0823450A8136}.Release|x86.ActiveCfg = Release|x86
		{EBD137A3-01FD-4F0B-9E20-0823450A8136}.Release|x86.Build.0 = Release|x86
		{FF97BA43-FCF7-432E-8BF6-AED2EA2521CE}.BuildNET10|x64.ActiveCfg = Release|x86
		{FF97BA43-FCF7-432E-8BF6-AED2EA2521CE}.BuildNET10|x86.ActiveCfg = Release|x86
		{FF97BA43-FCF7-432E-8BF6-AED2EA2521CE}.BuildNET48|x64.ActiveCfg = Release|x86
		{FF97BA43-FCF7-432E-8BF6-AED2EA2521CE}.BuildNET48|x86.ActiveCfg = Release|x86
		{FF97BA43-FCF7-432E-8BF6-AED2EA2521CE}.BuildNET48|x86.Build.0 = Release|x86
		{FF97BA43-FCF7-432E-8BF6-AED2EA2521CE}.BuildNET8|x64.ActiveCfg = Release|x86
		{FF97BA43-FCF7-432E-8BF6-AED2EA2521CE}.BuildNET8|x86.ActiveCfg = Release|x86
		{FF97BA43-FCF7-432E-8BF6-AED2EA2521CE}.BuildNET8|x86.Build.0 = Release|x86
		{FF97BA43-FCF7-432E-8BF6-AED2EA2521CE}.Debug|x64.ActiveCfg = Debug|x86
		{FF97BA43-FCF7-432E-8BF6-AED2EA2521CE}.Debug|x64.Build.0 = Debug|x86
		{FF97BA43-FCF7-432E-8BF6-AED2EA2521CE}.Debug|x86.ActiveCfg = Debug|x86
		{FF97BA43-FCF7-432E-8BF6-AED2EA2521CE}.Debug|x86.Build.0 = Debug|x86
		{FF97BA43-FCF7-432E-8BF6-AED2EA2521CE}.R2019|x64.ActiveCfg = Debug|x86
		{FF97BA43-FCF7-432E-8BF6-AED2EA2521CE}.R2019|x64.Build.0 = Debug|x86
		{FF97BA43-FCF7-432E-8BF6-AED2EA2521CE}.R2019|x86.ActiveCfg = Debug|x86
		{FF97BA43-FCF7-432E-8BF6-AED2EA2521CE}.R2019|x86.Build.0 = Debug|x86
		{FF97BA43-FCF7-432E-8BF6-AED2EA2521CE}.R2020|x64.ActiveCfg = Debug|x86
		{FF97BA43-FCF7-432E-8BF6-AED2EA2521CE}.R2020|x64.Build.0 = Debug|x86
		{FF97BA43-FCF7-432E-8BF6-AED2EA2521CE}.R2020|x86.ActiveCfg = Debug|x86
		{FF97BA43-FCF7-432E-8BF6-AED2EA2521CE}.R2020|x86.Build.0 = Debug|x86
		{FF97BA43-FCF7-432E-8BF6-AED2EA2521CE}.R2021|x64.ActiveCfg = Debug|x86
		{FF97BA43-FCF7-432E-8BF6-AED2EA2521CE}.R2021|x64.Build.0 = Debug|x86
		{FF97BA43-FCF7-432E-8BF6-AED2EA2521CE}.R2021|x86.ActiveCfg = Debug|x86
		{FF97BA43-FCF7-432E-8BF6-AED2EA2521CE}.R2021|x86.Build.0 = Debug|x86
		{FF97BA43-FCF7-432E-8BF6-AED2EA2521CE}.R2022|x64.ActiveCfg = Debug|x86
		{FF97BA43-FCF7-432E-8BF6-AED2EA2521CE}.R2022|x64.Build.0 = Debug|x86
		{FF97BA43-FCF7-432E-8BF6-AED2EA2521CE}.R2022|x86.ActiveCfg = Debug|x86
		{FF97BA43-FCF7-432E-8BF6-AED2EA2521CE}.R2022|x86.Build.0 = Debug|x86
		{FF97BA43-FCF7-432E-8BF6-AED2EA2521CE}.R2023|x64.ActiveCfg = Debug|x86
		{FF97BA43-FCF7-432E-8BF6-AED2EA2521CE}.R2023|x64.Build.0 = Debug|x86
		{FF97BA43-FCF7-432E-8BF6-AED2EA2521CE}.R2023|x86.ActiveCfg = Debug|x86
		{FF97BA43-FCF7-432E-8BF6-AED2EA2521CE}.R2023|x86.Build.0 = Debug|x86
		{FF97BA43-FCF7-432E-8BF6-AED2EA2521CE}.R2024|x64.ActiveCfg = Debug|x86
		{FF97BA43-FCF7-432E-8BF6-AED2EA2521CE}.R2024|x64.Build.0 = Debug|x86
		{FF97BA43-FCF7-432E-8BF6-AED2EA2521CE}.R2024|x86.ActiveCfg = Debug|x86
		{FF97BA43-FCF7-432E-8BF6-AED2EA2521CE}.R2024|x86.Build.0 = Debug|x86
		{FF97BA43-FCF7-432E-8BF6-AED2EA2521CE}.R2025|x64.ActiveCfg = Debug|x86
		{FF97BA43-FCF7-432E-8BF6-AED2EA2521CE}.R2025|x64.Build.0 = Debug|x86
		{FF97BA43-FCF7-432E-8BF6-AED2EA2521CE}.R2025|x86.ActiveCfg = Debug|x86
		{FF97BA43-FCF7-432E-8BF6-AED2EA2521CE}.R2025|x86.Build.0 = Debug|x86
		{FF97BA43-FCF7-432E-8BF6-AED2EA2521CE}.R2026|x64.ActiveCfg = Debug|x86
		{FF97BA43-FCF7-432E-8BF6-AED2EA2521CE}.R2026|x64.Build.0 = Debug|x86
		{FF97BA43-FCF7-432E-8BF6-AED2EA2521CE}.R2026|x86.ActiveCfg = Debug|x86
		{FF97BA43-FCF7-432E-8BF6-AED2EA2521CE}.R2026|x86.Build.0 = Debug|x86
		{FF97BA43-FCF7-432E-8BF6-AED2EA2521CE}.R2027|x64.ActiveCfg = Debug|x86
		{FF97BA43-FCF7-432E-8BF6-AED2EA2521CE}.R2027|x64.Build.0 = Debug|x86
		{FF97BA43-FCF7-432E-8BF6-AED2EA2521CE}.R2027|x86.ActiveCfg = Debug|x86
		{FF97BA43-FCF7-432E-8BF6-AED2EA2521CE}.R2027|x86.Build.0 = Debug|x86
		{FF97BA43-FCF7-432E-8BF6-AED2EA2521CE}.Release|x64.ActiveCfg = Release|x86
		{FF97BA43-FCF7-432E-8BF6-AED2EA2521CE}.Release|x64.Build.0 = Release|x86
		{FF97BA43-FCF7-432E-8BF6-AED2EA2521CE}.Release|x86.ActiveCfg = Release|x86
		{FF97BA43-FCF7-432E-8BF6-AED2EA2521CE}.Release|x86.Build.0 = Release|x86
		{193DF159-1DA1-487B-9BBB-3C0117F0AE41}.BuildNET10|x64.ActiveCfg = BuildNET10|x64
		{193DF159-1DA1-487B-9BBB-3C0117F0AE41}.BuildNET10|x64.Build.0 = BuildNET10|x64
		{193DF159-1DA1-487B-9BBB-3C0117F0AE41}.BuildNET10|x86.ActiveCfg = BuildNET10|x64
		{193DF159-1DA1-487B-9BBB-3C0117F0AE41}.BuildNET10|x86.Build.0 = BuildNET10|x64
		{193DF159-1DA1-487B-9BBB-3C0117F0AE41}.BuildNET48|x64.ActiveCfg = BuildNET48|x64
		{193DF159-1DA1-487B-9BBB-3C0117F0AE41}.BuildNET48|x64.Build.0 = BuildNET48|x64
		{193DF159-1DA1-487B-9BBB-3C0117F0AE41}.BuildNET48|x86.ActiveCfg = BuildNET48|x64
		{193DF159-1DA1-487B-9BBB-3C0117F0AE41}.BuildNET48|x86.Build.0 = BuildNET48|x64
		{193DF159-1DA1-487B-9BBB-3C0117F0AE41}.BuildNET8|x64.ActiveCfg = BuildNET8|x64
		{193DF159-1DA1-487B-9BBB-3C0117F0AE41}.BuildNET8|x64.Build.0 = BuildNET8|x64
		{193DF159-1DA1-487B-9BBB-3C0117F0AE41}.BuildNET8|x86.ActiveCfg = BuildNET8|x64
		{193DF159-1DA1-487B-9BBB-3C0117F0AE41}.BuildNET8|x86.Build.0 = BuildNET8|x64
		{193DF159-1DA1-487B-9BBB-3C0117F0AE41}.Debug|x64.ActiveCfg = Debug|x64
		{193DF159-1DA1-487B-9BBB-3C0117F0AE41}.Debug|x64.Build.0 = Debug|x64
		{193DF159-1DA1-487B-9BBB-3C0117F0AE41}.Debug|x86.ActiveCfg = Debug|x64
		{193DF159-1DA1-487B-9BBB-3C0117F0AE41}.Debug|x86.Build.0 = Debug|x64
		{193DF159-1DA1-487B-9BBB-3C0117F0AE41}.R2019|x64.ActiveCfg = R2019|x64
		{193DF159-1DA1-487B-9BBB-3C0117F0AE41}.R2019|x64.Build.0 = R2019|x64
		{193DF159-1DA1-487B-9BBB-3C0117F0AE41}.R2019|x86.ActiveCfg = R2019|x64
		{193DF159-1DA1-487B-9BBB-3C0117F0AE41}.R2019|x86.Build.0 = R2019|x64
		{193DF159-1DA1-487B-9BBB-3C0117F0AE41}.R2020|x64.ActiveCfg = R2020|x64
		{193DF159-1DA1-487B-9BBB-3C0117F0AE41}.R2020|x64.Build.0 = R2020|x64
		{193DF159-1DA1-487B-9BBB-3C0117F0AE41}.R2020|x86.ActiveCfg = R2020|x64
		{193DF159-1DA1-487B-9BBB-3C0117F0AE41}.R2020|x86.Build.0 = R2020|x64
		{193DF159-1DA1-487B-9BBB-3C0117F0AE41}.R2021|x64.ActiveCfg = R2021|x64
		{193DF159-1DA1-487B-9BBB-3C0117F0AE41}.R2021|x64.Build.0 = R2021|x64
		{193DF159-1DA1-487B-9BBB-3C0117F0AE41}.R2021|x86.ActiveCfg = R2021|x64
		{193DF159-1DA1-487B-9BBB-3C0117F0AE41}.R2021|x86.Build.0 = R2021|x64
		{193DF159-1DA1-487B-9BBB-3C0117F0AE41}.R2022|x64.ActiveCfg = R2022|x64
		{193DF159-1DA1-487B-9BBB-3C0117F0AE41}.R2022|x64.Build.0 = R2022|x64
		{193DF159-1DA1-487B-9BBB-3C0117F0AE41}.R2022|x86.ActiveCfg = R2022|x64
		{193DF159-1DA1-487B-9BBB-3C0117F0AE41}.R2022|x86.Build.0 = R2022|x64
		{193DF159-1DA1-487B-9BBB-3C0117F0AE41}.R2023|x64.ActiveCfg = R2023|x64
		{193DF159-1DA1-487B-9BBB-3C0117F0AE41}.R2023|x64.Build.0 = R2023|x64
		{193DF159-1DA1-487B-9BBB-3C0117F0AE41}.R2023|x86.ActiveCfg = R2023|x64
		{193DF159-1DA1-487B-9BBB-3C0117F0AE41}.R2023|x86.Build.0 = R2023|x64
		{193DF159-1DA1-487B-9BBB-3C0117F0AE41}.R2024|x64.ActiveCfg = R2024|x64
		{193DF159-1DA1-487B-9BBB-3C0117F0AE41}.R2024|x64.Build.0 = R2024|x64
		{193DF159-1DA1-487B-9BBB-3C0117F0AE41}.R2024|x86.ActiveCfg = R2024|x64
		{193DF159-1DA1-487B-9BBB-3C0117F0AE41}.R2024|x86.Build.0 = R2024|x64
		{193DF159-1DA1-487B-9BBB-3C0117F0AE41}.R2025|x64.ActiveCfg = R2025|x64
		{193DF159-1DA1-487B-9BBB-3C0117F0AE41}.R2025|x64.Build.0 = R2025|x64
		{193DF159-1DA1-487B-9BBB-3C0117F0AE41}.R2025|x86.ActiveCfg = R2025|x64
		{193DF159-1DA1-487B-9BBB-3C0117F0AE41}.R2025|x86.Build.0 = R2025|x64
		{193DF159-1DA1-487B-9BBB-3C0117F0AE41}.R2026|x64.ActiveCfg = R2026|x64
		{193DF159-1DA1-487B-9BBB-3C0117F0AE41}.R2026|x64.Build.0 = R2026|x64
		{193DF159-1DA1-487B-9BBB-3C0117F0AE41}.R2026|x86.ActiveCfg = R2026|x64
		{193DF159-1DA1-487B-9BBB-3C0117F0AE41}.R2026|x86.Build.0 = R2026|x64
		{193DF159-1DA1-487B-9BBB-3C0117F0AE41}.R2027|x64.ActiveCfg = R2027|x64
		{193DF159-1DA1-487B-9BBB-3C0117F0AE41}.R2027|x64.Build.0 = R2027|x64
		{193DF159-1DA1-487B-9BBB-3C0117F0AE41}.R2027|x86.ActiveCfg = R2027|x64
		{193DF159-1DA1-487B-9BBB-3C0117F0AE41}.R2027|x86.Build.0 = R2027|x64
		{193DF159-1DA1-487B-9BBB-3C0117F0AE41}.Release|x64.ActiveCfg = BuildNET48|x64
		{193DF159-1DA1-487B-9BBB-3C0117F0AE41}.Release|x64.Build.0 = BuildNET48|x64
		{193DF159-1DA1-487B-9BBB-3C0117F0AE41}.Release|x86.ActiveCfg = BuildNET48|x64
		{193DF159-1DA1-487B-9BBB-3C0117F0AE41}.Release|x86.Build.0 = BuildNET48|x64
		{B885B394-D5A6-4FB5-80F3-E4C4030F8682}.BuildNET10|x64.ActiveCfg = BuildNET10|x64
		{B885B394-D5A6-4FB5-80F3-E4C4030F8682}.BuildNET10|x64.Build.0 = BuildNET10|x64
		{B885B394-D5A6-4FB5-80F3-E4C4030F8682}.BuildNET10|x86.ActiveCfg = BuildNET10|x64
		{B885B394-D5A6-4FB5-80F3-E4C4030F8682}.BuildNET10|x86.Build.0 = BuildNET10|x64
		{B885B394-D5A6-4FB5-80F3-E4C4030F8682}.BuildNET48|x64.ActiveCfg = BuildNET48|x64
		{B885B394-D5A6-4FB5-80F3-E4C4030F8682}.BuildNET48|x64.Build.0 = BuildNET48|x64
		{B885B394-D5A6-4FB5-80F3-E4C4030F8682}.BuildNET48|x86.ActiveCfg = BuildNET48|x64
		{B885B394-D5A6-4FB5-80F3-E4C4030F8682}.BuildNET48|x86.Build.0 = BuildNET48|x64
		{B885B394-D5A6-4FB5-80F3-E4C4030F8682}.BuildNET8|x64.ActiveCfg = BuildNET8|x64
		{B885B394-D5A6-4FB5-80F3-E4C4030F8682}.BuildNET8|x64.Build.0 = BuildNET8|x64
		{B885B394-D5A6-4FB5-80F3-E4C4030F8682}.BuildNET8|x86.ActiveCfg = BuildNET8|x64
		{B885B394-D5A6-4FB5-80F3-E4C4030F8682}.BuildNET8|x86.Build.0 = BuildNET8|x64
		{B885B394-D5A6-4FB5-80F3-E4C4030F8682}.Debug|x64.ActiveCfg = Debug|x64
		{B885B394-D5A6-4FB5-80F3-E4C4030F8682}.Debug|x64.Build.0 = Debug|x64
		{B885B394-D5A6-4FB5-80F3-E4C4030F8682}.Debug|x86.ActiveCfg = Debug|x64
		{B885B394-D5A6-4FB5-80F3-E4C4030F8682}.Debug|x86.Build.0 = Debug|x64
		{B885B394-D5A6-4FB5-80F3-E4C4030F8682}.R2019|x64.ActiveCfg = R2019|x64
		{B885B394-D5A6-4FB5-80F3-E4C4030F8682}.R2019|x64.Build.0 = R2019|x64
		{B885B394-D5A6-4FB5-80F3-E4C4030F8682}.R2019|x86.ActiveCfg = R2019|x64
		{B885B394-D5A6-4FB5-80F3-E4C4030F8682}.R2019|x86.Build.0 = R2019|x64
		{B885B394-D5A6-4FB5-80F3-E4C4030F8682}.R2020|x64.ActiveCfg = R2020|x64
		{B885B394-D5A6-4FB5-80F3-E4C4030F8682}.R2020|x64.Build.0 = R2020|x64
		{B885B394-D5A6-4FB5-80F3-E4C4030F8682}.R2020|x86.ActiveCfg = R2020|x64
		{B885B394-D5A6-4FB5-80F3-E4C4030F8682}.R2020|x86.Build.0 = R2020|x64
		{B885B394-D5A6-4FB5-80F3-E4C4030F8682}.R2021|x64.ActiveCfg = R2021|x64
		{B885B394-D5A6-4FB5-80F3-E4C4030F8682}.R2021|x64.Build.0 = R2021|x64
		{B885B394-D5A6-4FB5-80F3-E4C4030F8682}.R2021|x86.ActiveCfg = R2021|x64
		{B885B394-D5A6-4FB5-80F3-E4C4030F8682}.R2021|x86.Build.0 = R2021|x64
		{B885B394-D5A6-4FB5-80F3-E4C4030F8682}.R2022|x64.ActiveCfg = R2022|x64
		{B885B394-D5A6-4FB5-80F3-E4C4030F8682}.R2022|x64.Build.0 = R2022|x64
		{B885B394-D5A6-4FB5-80F3-E4C4030F8682}.R2022|x86.ActiveCfg = R2022|x64
		{B885B394-D5A6-4FB5-80F3-E4C4030F8682}.R2022|x86.Build.0 = R2022|x64
		{B885B394-D5A6-4FB5-80F3-E4C4030F8682}.R2023|x64.ActiveCfg = R2023|x64
		{B885B394-D5A6-4FB5-80F3-E4C4030F8682}.R2023|x64.Build.0 = R2023|x64
		{B885B394-D5A6-4FB5-80F3-E4C4030F8682}.R2023|x86.ActiveCfg = R2023|x64
		{B885B394-D5A6-4FB5-80F3-E4C4030F8682}.R2023|x86.Build.0 = R2023|x64
		{B885B394-D5A6-4FB5-80F3-E4C4030F8682}.R2024|x64.ActiveCfg = R2024|x64
		{B885B394-D5A6-4FB5-80F3-E4C4030F8682}.R2024|x64.Build.0 = R2024|x64
		{B885B394-D5A6-4FB5-80F3-E4C4030F8682}.R2024|x86.ActiveCfg = R2024|x64
		{B885B394-D5A6-4FB5-80F3-E4C4030F8682}.R2024|x86.Build.0 = R2024|x64
		{B885B394-D5A6-4FB5-80F3-E4C4030F8682}.R2025|x64.ActiveCfg = R2025|x64
		{B885B394-D5A6-4FB5-80F3-E4C4030F8682}.R2025|x64.Build.0 = R2025|x64
		{B885B394-D5A6-4FB5-80F3-E4C4030F8682}.R2025|x86.ActiveCfg = R2025|x64
		{B885B394-D5A6-4FB5-80F3-E4C4030F8682}.R2025|x86.Build.0 = R2025|x64
		{B885B394-D5A6-4FB5-80F3-E4C4030F8682}.R2026|x64.ActiveCfg = R2026|x64
		{B885B394-D5A6-4FB5-80F3-E4C4030F8682}.R2026|x64.Build.0 = R2026|x64
		{B885B394-D5A6-4FB5-80F3-E4C4030F8682}.R2026|x86.ActiveCfg = R2026|x64
		{B885B394-D5A6-4FB5-80F3-E4C4030F8682}.R2026|x86.Build.0 = R2026|x64
		{B885B394-D5A6-4FB5-80F3-E4C4030F8682}.R2027|x64.ActiveCfg = R2027|x64
		{B885B394-D5A6-4FB5-80F3-E4C4030F8682}.R2027|x64.Build.0 = R2027|x64
		{B885B394-D5A6-4FB5-80F3-E4C4030F8682}.R2027|x86.ActiveCfg = R2027|x64
		{B885B394-D5A6-4FB5-80F3-E4C4030F8682}.R2027|x86.Build.0 = R2027|x64
		{B885B394-D5A6-4FB5-80F3-E4C4030F8682}.Release|x64.ActiveCfg = BuildNET48|x64
		{B885B394-D5A6-4FB5-80F3-E4C4030F8682}.Release|x64.Build.0 = BuildNET48|x64
		{B885B394-D5A6-4FB5-80F3-E4C4030F8682}.Release|x86.ActiveCfg = BuildNET48|x64
		{B885B394-D5A6-4FB5-80F3-E4C4030F8682}.Release|x86.Build.0 = BuildNET48|x64
		{AA5C9F80-EB07-771D-EC3A-B2C4D7748F35}.BuildNET10|x64.ActiveCfg = BuildNET10|x64
		{AA5C9F80-EB07-771D-EC3A-B2C4D7748F35}.BuildNET10|x64.Build.0 = BuildNET10|x64
		{AA5C9F80-EB07-771D-EC3A-B2C4D7748F35}.BuildNET10|x86.ActiveCfg = BuildNET10|x64
		{AA5C9F80-EB07-771D-EC3A-B2C4D7748F35}.BuildNET10|x86.Build.0 = BuildNET10|x64
		{AA5C9F80-EB07-771D-EC3A-B2C4D7748F35}.BuildNET48|x64.ActiveCfg = BuildNET48|x64
		{AA5C9F80-EB07-771D-EC3A-B2C4D7748F35}.BuildNET48|x64.Build.0 = BuildNET48|x64
		{AA5C9F80-EB07-771D-EC3A-B2C4D7748F35}.BuildNET48|x86.ActiveCfg = BuildNET48|x64
		{AA5C9F80-EB07-771D-EC3A-B2C4D7748F35}.BuildNET48|x86.Build.0 = BuildNET48|x64
		{AA5C9F80-EB07-771D-EC3A-B2C4D7748F35}.BuildNET8|x64.ActiveCfg = BuildNET8|x64
		{AA5C9F80-EB07-771D-EC3A-B2C4D7748F35}.BuildNET8|x64.Build.0 = BuildNET8|x64
		{AA5C9F80-EB07-771D-EC3A-B2C4D7748F35}.BuildNET8|x86.ActiveCfg = BuildNET8|x64
		{AA5C9F80-EB07-771D-EC3A-B2C4D7748F35}.BuildNET8|x86.Build.0 = BuildNET8|x64
		{AA5C9F80-EB07-771D-EC3A-B2C4D7748F35}.Debug|x64.ActiveCfg = Debug|x64
		{AA5C9F80-EB07-771D-EC3A-B2C4D7748F35}.Debug|x64.Build.0 = Debug|x64
		{AA5C9F80-EB07-771D-EC3A-B2C4D7748F35}.Debug|x86.ActiveCfg = Debug|x64
		{AA5C9F80-EB07-771D-EC3A-B2C4D7748F35}.Debug|x86.Build.0 = Debug|x64
		{AA5C9F80-EB07-771D-EC3A-B2C4D7748F35}.R2019|x64.ActiveCfg = R2019|x64
		{AA5C9F80-EB07-771D-EC3A-B2C4D7748F35}.R2019|x64.Build.0 = R2019|x64
		{AA5C9F80-EB07-771D-EC3A-B2C4D7748F35}.R2019|x86.ActiveCfg = R2019|x64
		{AA5C9F80-EB07-771D-EC3A-B2C4D7748F35}.R2019|x86.Build.0 = R2019|x64
		{AA5C9F80-EB07-771D-EC3A-B2C4D7748F35}.R2020|x64.ActiveCfg = R2020|x64
		{AA5C9F80-EB07-771D-EC3A-B2C4D7748F35}.R2020|x64.Build.0 = R2020|x64
		{AA5C9F80-EB07-771D-EC3A-B2C4D7748F35}.R2020|x86.ActiveCfg = R2020|x64
		{AA5C9F80-EB07-771D-EC3A-B2C4D7748F35}.R2020|x86.Build.0 = R2020|x64
		{AA5C9F80-EB07-771D-EC3A-B2C4D7748F35}.R2021|x64.ActiveCfg = R2021|x64
		{AA5C9F80-EB07-771D-EC3A-B2C4D7748F35}.R2021|x64.Build.0 = R2021|x64
		{AA5C9F80-EB07-771D-EC3A-B2C4D7748F35}.R2021|x86.ActiveCfg = R2021|x64
		{AA5C9F80-EB07-771D-EC3A-B2C4D7748F35}.R2021|x86.Build.0 = R2021|x64
		{AA5C9F80-EB07-771D-EC3A-B2C4D7748F35}.R2022|x64.ActiveCfg = R2022|x64
		{AA5C9F80-EB07-771D-EC3A-B2C4D7748F35}.R2022|x64.Build.0 = R2022|x64
		{AA5C9F80-EB07-771D-EC3A-B2C4D7748F35}.R2022|x86.ActiveCfg = R2022|x64
		{AA5C9F80-EB07-771D-EC3A-B2C4D7748F35}.R2022|x86.Build.0 = R2022|x64
		{AA5C9F80-EB07-771D-EC3A-B2C4D7748F35}.R2023|x64.ActiveCfg = R2023|x64
		{AA5C9F80-EB07-771D-EC3A-B2C4D7748F35}.R2023|x64.Build.0 = R2023|x64
		{AA5C9F80-EB07-771D-EC3A-B2C4D7748F35}.R2023|x86.ActiveCfg = R2023|x64
		{AA5C9F80-EB07-771D-EC3A-B2C4D7748F35}.R2023|x86.Build.0 = R2023|x64
		{AA5C9F80-EB07-771D-EC3A-B2C4D7748F35}.R2024|x64.ActiveCfg = R2024|x64
		{AA5C9F80-EB07-771D-EC3A-B2C4D7748F35}.R2024|x64.Build.0 = R2024|x64
		{AA5C9F80-EB07-771D-EC3A-B2C4D7748F35}.R2024|x86.ActiveCfg = R2024|x64
		{AA5C9F80-EB07-771D-EC3A-B2C4D7748F35}.R2024|x86.Build.0 = R2024|x64
		{AA5C9F80-EB07-771D-EC3A-B2C4D7748F35}.R2025|x64.ActiveCfg = R2025|x64
		{AA5C9F80-EB07-771D-EC3A-B2C4D7748F35}.R2025|x64.Build.0 = R2025|x64
		{AA5C9F80-EB07-771D-EC3A-B2C4D7748F35}.R2025|x86.ActiveCfg = R2025|x64
		{AA5C9F80-EB07-771D-EC3A-B2C4D7748F35}.R2025|x86.Build.0 = R2025|x64
		{AA5C9F80-EB07-771D-EC3A-B2C4D7748F35}.R2026|x64.ActiveCfg = R2026|x64
		{AA5C9F80-EB07-771D-EC3A-B2C4D7748F35}.R2026|x64.Build.0 = R2026|x64
		{AA5C9F80-EB07-771D-EC3A-B2C4D7748F35}.R2026|x86.ActiveCfg = R2026|x64
		{AA5C9F80-EB07-771D-EC3A-B2C4D7748F35}.R2026|x86.Build.0 = R2026|x64
		{AA5C9F80-EB07-771D-EC3A-B2C4D7748F35}.R2027|x64.ActiveCfg = R2027|x64
		{AA5C9F80-EB07-771D-EC3A-B2C4D7748F35}.R2027|x64.Build.0 = R2027|x64
		{AA5C9F80-EB07-771D-EC3A-B2C4D7748F35}.R2027|x86.ActiveCfg = R2027|x64
		{AA5C9F80-EB07-771D-EC3A-B2C4D7748F35}.R2027|x86.Build.0 = R2027|x64
		{AA5C9F80-EB07-771D-EC3A-B2C4D7748F35}.Release|x64.ActiveCfg = BuildNET48|x64
		{AA5C9F80-EB07-771D-EC3A-B2C4D7748F35}.Release|x64.Build.0 = BuildNET48|x64
		{AA5C9F80-EB07-771D-EC3A-B2C4D7748F35}.Release|x86.ActiveCfg = BuildNET48|x64
		{AA5C9F80-EB07-771D-EC3A-B2C4D7748F35}.Release|x86.Build.0 = BuildNET48|x64
	EndGlobalSection
	GlobalSection(SolutionProperties) = preSolution
		HideSolutionNode = FALSE
	EndGlobalSection
	GlobalSection(ExtensibilityGlobals) = postSolution
		SolutionGuid = {95E7BAA4-5FF8-44C7-8E73-9E2953326F6B}
	EndGlobalSection
EndGlobal
